
Microsoft Visual Studio Solution File, Format Version 12.00
# Visual Studio Version 16
VisualStudioVersion = 16.6.30114.105
MinimumVisualStudioVersion = 10.0.40219.1
Project("{9A19103F-16F7-4668-BE54-9A1E7A4F7556}") = "SimpleOTP", "SimpleOTP\SimpleOTP.csproj", "{518EF6D5-DB32-4406-B289-6E11DB6E1D67}"
EndProject
Project("{9A19103F-16F7-4668-BE54-9A1E7A4F7556}") = "SimpleOTP.Test", "SimpleOTP.Test\SimpleOTP.Test.csproj", "{54AC322C-6119-456B-BFE6-CCF3CC504C56}"
EndProject
Global
	GlobalSection(SolutionConfigurationPlatforms) = preSolution
		Debug|Any CPU = Debug|Any CPU
		Debug|x64 = Debug|x64
		Debug|x86 = Debug|x86
		Release|Any CPU = Release|Any CPU
		Release|x64 = Release|x64
		Release|x86 = Release|x86
	EndGlobalSection
	GlobalSection(ProjectConfigurationPlatforms) = postSolution
		{518EF6D5-DB32-4406-B289-6E11DB6E1D67}.Debug|Any CPU.ActiveCfg = Debug|Any CPU
		{518EF6D5-DB32-4406-B289-6E11DB6E1D67}.Debug|Any CPU.Build.0 = Debug|Any CPU
		{518EF6D5-DB32-4406-B289-6E11DB6E1D67}.Debug|x64.ActiveCfg = Debug|Any CPU
		{518EF6D5-DB32-4406-B289-6E11DB6E1D67}.Debug|x64.Build.0 = Debug|Any CPU
		{518EF6D5-DB32-4406-B289-6E11DB6E1D67}.Debug|x86.ActiveCfg = Debug|Any CPU
		{518EF6D5-DB32-4406-B289-6E11DB6E1D67}.Debug|x86.Build.0 = Debug|Any CPU
		{518EF6D5-DB32-4406-B289-6E11DB6E1D67}.Release|Any CPU.ActiveCfg = Release|Any CPU
		{518EF6D5-DB32-4406-B289-6E11DB6E1D67}.Release|Any CPU.Build.0 = Release|Any CPU
		{518EF6D5-DB32-4406-B289-6E11DB6E1D67}.Release|x64.ActiveCfg = Release|Any CPU
		{518EF6D5-DB32-4406-B289-6E11DB6E1D67}.Release|x64.Build.0 = Release|Any CPU
		{518EF6D5-DB32-4406-B289-6E11DB6E1D67}.Release|x86.ActiveCfg = Release|Any CPU
		{518EF6D5-DB32-4406-B289-6E11DB6E1D67}.Release|x86.Build.0 = Release|Any CPU
		{54AC322C-6119-456B-BFE6-CCF3CC504C56}.Debug|Any CPU.ActiveCfg = Debug|Any CPU
		{54AC322C-6119-456B-BFE6-CCF3CC504C56}.Debug|Any CPU.Build.0 = Debug|Any CPU
		{54AC322C-6119-456B-BFE6-CCF3CC504C56}.Debug|x64.ActiveCfg = Debug|Any CPU
		{54AC322C-6119-456B-BFE6-CCF3CC504C56}.Debug|x64.Build.0 = Debug|Any CPU
		{54AC322C-6119-456B-BFE6-CCF3CC504C56}.Debug|x86.ActiveCfg = Debug|Any CPU
		{54AC322C-6119-456B-BFE6-CCF3CC504C56}.Debug|x86.Build.0 = Debug|Any CPU
		{54AC322C-6119-456B-BFE6-CCF3CC504C56}.Release|Any CPU.ActiveCfg = Release|Any CPU
		{54AC322C-6119-456B-BFE6-CCF3CC504C56}.Release|Any CPU.Build.0 = Release|Any CPU
		{54AC322C-6119-456B-BFE6-CCF3CC504C56}.Release|x64.ActiveCfg = Release|Any CPU
		{54AC322C-6119-456B-BFE6-CCF3CC504C56}.Release|x64.Build.0 = Release|Any CPU
		{54AC322C-6119-456B-BFE6-CCF3CC504C56}.Release|x86.ActiveCfg = Release|Any CPU
		{54AC322C-6119-456B-BFE6-CCF3CC504C56}.Release|x86.Build.0 = Release|Any CPU
	EndGlobalSection
	GlobalSection(SolutionProperties) = preSolution
		HideSolutionNode = FALSE
	EndGlobalSection
	GlobalSection(ExtensibilityGlobals) = postSolution
		SolutionGuid = {247D25FB-623A-4CF6-ABD4-06B4CBF0AD3E}
	EndGlobalSection
EndGlobal
